
Microsoft Visual Studio Solution File, Format Version 12.00
# Visual Studio Version 17
VisualStudioVersion = 17.14.36623.8 d17.14
MinimumVisualStudioVersion = 10.0.40219.1
Project("{FAE04EC0-301F-11D3-BF4B-00C04F79EFBC}") = "YaLlegaBack", "YaLlegaBack\YaLlegaBack.csproj", "{D103AFFC-69C4-404F-A433-E27424444035}"
EndProject
Global
	GlobalSection(SolutionConfigurationPlatforms) = preSolution
		Debug|Any CPU = Debug|Any CPU
		Release|Any CPU = Release|Any CPU
	EndGlobalSection
	GlobalSection(ProjectConfigurationPlatforms) = postSolution
		{D103AFFC-69C4-404F-A433-E27424444035}.Debug|Any CPU.ActiveCfg = Debug|Any CPU
		{D103AFFC-69C4-404F-A433-E27424444035}.Debug|Any CPU.Build.0 = Debug|Any CPU
		{D103AFFC-69C4-404F-A433-E27424444035}.Release|Any CPU.ActiveCfg = Release|Any CPU
		{D103AFFC-69C4-404F-A433-E27424444035}.Release|Any CPU.Build.0 = Release|Any CPU
	EndGlobalSection
	GlobalSection(SolutionProperties) = preSolution
		HideSolutionNode = FALSE
	EndGlobalSection
	GlobalSection(ExtensibilityGlobals) = postSolution
		SolutionGuid = {BC0997E5-565B-47B5-B41E-700A67EDD192}
	EndGlobalSection
EndGlobal
